
Microsoft Visual Studio Solution File, Format Version 12.00
# Visual Studio 15
VisualStudioVersion = 15.0.27128.1
MinimumVisualStudioVersion = 10.0.40219.1
Project("{2150E333-8FDC-42A3-9474-1A3956D46DE8}") = "src", "src", "{CB18CD55-85E2-46FC-A55B-7DE23EABFAE5}"
EndProject
Project("{2150E333-8FDC-42A3-9474-1A3956D46DE8}") = "test", "test", "{6C110226-F12E-423E-A358-D680889C6CD7}"
EndProject
Project("{2150E333-8FDC-42A3-9474-1A3956D46DE8}") = "samples", "samples", "{35C5514B-9E50-4AC6-BC6E-45BEAE7B7B4D}"
EndProject
Project("{2150E333-8FDC-42A3-9474-1A3956D46DE8}") = "Solution Items", "Solution Items", "{32AEF73B-E6B6-48DF-BF84-16FFB8A9DF04}"
	ProjectSection(SolutionItems) = preProject
		.EditorConfig = .EditorConfig
		.travis.yml = .travis.yml
		appveyor.yml = appveyor.yml
		common.props = common.props
		NuGet.Config = NuGet.Config
		README.md = README.md
		version.props = version.props
	EndProjectSection
EndProject
Project("{9A19103F-16F7-4668-BE54-9A1E7A4F7556}") = "CondenserDotNet.Client", "src\CondenserDotNet.Client\CondenserDotNet.Client.csproj", "{941378DD-52CC-48CD-8CB5-CE9039721DF8}"
EndProject
Project("{9A19103F-16F7-4668-BE54-9A1E7A4F7556}") = "CondenserTests", "test\CondenserTests\CondenserTests.csproj", "{17E329C7-CAC6-4D6A-8D83-A4C68476DD04}"
EndProject
Project("{9A19103F-16F7-4668-BE54-9A1E7A4F7556}") = "Condenser.Tests.Integration", "test\Condenser.Tests.Integration\Condenser.Tests.Integration.csproj", "{A7E55927-04D3-4EDB-B598-6754611DE8C6}"
EndProject
Project("{9A19103F-16F7-4668-BE54-9A1E7A4F7556}") = "CondenserDotNet.Server", "src\CondenserDotNet.Server\CondenserDotNet.Server.csproj", "{F8A84ABC-60CD-4EF4-B55D-CB27996B1F78}"
EndProject
Project("{9A19103F-16F7-4668-BE54-9A1E7A4F7556}") = "CondenserDotNet.Core", "src\CondenserDotNet.Core\CondenserDotNet.Core.csproj", "{25408E8E-979D-4A36-84EC-F778FEE284CF}"
EndProject
Project("{2150E333-8FDC-42A3-9474-1A3956D46DE8}") = "script", "script", "{09EDB6E2-E430-462F-BFE8-F38681ABCAD5}"
	ProjectSection(SolutionItems) = preProject
		script\runtests.bat = script\runtests.bat
		VersionNumber.bat = VersionNumber.bat
	EndProjectSection
EndProject
Project("{9A19103F-16F7-4668-BE54-9A1E7A4F7556}") = "CondenserDotNet.Configuration", "src\CondenserDotNet.Configuration\CondenserDotNet.Configuration.csproj", "{6850B566-5210-4234-B9F6-6F543B73ED05}"
EndProject
Project("{9A19103F-16F7-4668-BE54-9A1E7A4F7556}") = "CondenserDotNet.Server.Extensions", "src\CondenserDotNet.Server.Extensions\CondenserDotNet.Server.Extensions.csproj", "{99180374-30F2-43A2-B040-3EAA36B59227}"
EndProject
Project("{2150E333-8FDC-42A3-9474-1A3956D46DE8}") = "Release Notes", "Release Notes", "{06591E48-DAE7-4EEE-81C8-2469894B9EAF}"
	ProjectSection(SolutionItems) = preProject
		releasenotes\2.1.1.props = releasenotes\2.1.1.props
		releasenotes\2.1.2.props = releasenotes\2.1.2.props
		releasenotes\2.1.3.props = releasenotes\2.1.3.props
		releasenotes\2.2.0.props = releasenotes\2.2.0.props
		releasenotes\2.3.0.props = releasenotes\2.3.0.props
		releasenotes\2.4.0.props = releasenotes\2.4.0.props
		releasenotes\2.4.1.props = releasenotes\2.4.1.props
		releasenotes\2.5.0.props = releasenotes\2.5.0.props
		releasenotes\2.5.1.props = releasenotes\2.5.1.props
		releasenotes\2.5.2.props = releasenotes\2.5.2.props
		releasenotes\2.5.3.props = releasenotes\2.5.3.props
		releasenotes\2.5.4.props = releasenotes\2.5.4.props
		releasenotes\2.6.0.props = releasenotes\2.6.0.props
		releasenotes\2.6.1.props = releasenotes\2.6.1.props
		releasenotes\2.6.2.props = releasenotes\2.6.2.props
		releasenotes\2.6.3.props = releasenotes\2.6.3.props
		releasenotes\2.6.4.props = releasenotes\2.6.4.props
		releasenotes\2.6.5.props = releasenotes\2.6.5.props
		releasenotes\2.6.6.props = releasenotes\2.6.6.props
		releasenotes\2.6.7.props = releasenotes\2.6.7.props
		releasenotes\2.6.8.props = releasenotes\2.6.8.props
		releasenotes\2.7.1.props = releasenotes\2.7.1.props
		releasenotes\2.8.0.props = releasenotes\2.8.0.props
		releasenotes\2.8.1.props = releasenotes\2.8.1.props
		releasenotes\3.0.0.props = releasenotes\3.0.0.props
		releasenotes\3.0.1.props = releasenotes\3.0.1.props
		releasenotes\3.0.10.props = releasenotes\3.0.10.props
		releasenotes\3.0.11.props = releasenotes\3.0.11.props
		releasenotes\3.0.12.props = releasenotes\3.0.12.props
		releasenotes\3.0.4.props = releasenotes\3.0.4.props
		releasenotes\3.0.5.props = releasenotes\3.0.5.props
		releasenotes\3.0.6.props = releasenotes\3.0.6.props
		releasenotes\3.0.7.props = releasenotes\3.0.7.props
		releasenotes\3.0.8.props = releasenotes\3.0.8.props
		releasenotes\3.0.9.props = releasenotes\3.0.9.props
		releasenotes\3.1.0.props = releasenotes\3.1.0.props
		releasenotes\3.2.0.props = releasenotes\3.2.0.props
		releasenotes\4.0.0.props = releasenotes\4.0.0.props
		releasenotes\4.0.1.props = releasenotes\4.0.1.props
		releasenotes\4.0.2.props = releasenotes\4.0.2.props
		releasenotes\4.0.3.props = releasenotes\4.0.3.props
		releasenotes\4.1.0.props = releasenotes\4.1.0.props
		releasenotes\4.1.1.props = releasenotes\4.1.1.props
	EndProjectSection
EndProject
Project("{9A19103F-16F7-4668-BE54-9A1E7A4F7556}") = "CondenserDotNet.Middleware", "src\CondenserDotNet.Middleware\CondenserDotNet.Middleware.csproj", "{5DC8FA9E-4CB9-4F80-8AA9-7F4ABF8375B3}"
EndProject
Project("{9A19103F-16F7-4668-BE54-9A1E7A4F7556}") = "CondenserDotNet.Stats", "src\CondenserDotNet.Stats\CondenserDotNet.Stats.csproj", "{BC05CC41-9F65-4D0C-A1CD-C6BAED37B0AB}"
EndProject
Global
	GlobalSection(SolutionConfigurationPlatforms) = preSolution
		Debug|Any CPU = Debug|Any CPU
		Debug|x64 = Debug|x64
		Debug|x86 = Debug|x86
		Release|Any CPU = Release|Any CPU
		Release|x64 = Release|x64
		Release|x86 = Release|x86
	EndGlobalSection
	GlobalSection(ProjectConfigurationPlatforms) = postSolution
		{941378DD-52CC-48CD-8CB5-CE9039721DF8}.Debug|Any CPU.ActiveCfg = Debug|Any CPU
		{941378DD-52CC-48CD-8CB5-CE9039721DF8}.Debug|Any CPU.Build.0 = Debug|Any CPU
		{941378DD-52CC-48CD-8CB5-CE9039721DF8}.Debug|x64.ActiveCfg = Debug|Any CPU
		{941378DD-52CC-48CD-8CB5-CE9039721DF8}.Debug|x64.Build.0 = Debug|Any CPU
		{941378DD-52CC-48CD-8CB5-CE9039721DF8}.Debug|x86.ActiveCfg = Debug|Any CPU
		{941378DD-52CC-48CD-8CB5-CE9039721DF8}.Debug|x86.Build.0 = Debug|Any CPU
		{941378DD-52CC-48CD-8CB5-CE9039721DF8}.Release|Any CPU.ActiveCfg = Release|Any CPU
		{941378DD-52CC-48CD-8CB5-CE9039721DF8}.Release|Any CPU.Build.0 = Release|Any CPU
		{941378DD-52CC-48CD-8CB5-CE9039721DF8}.Release|x64.ActiveCfg = Release|Any CPU
		{941378DD-52CC-48CD-8CB5-CE9039721DF8}.Release|x64.Build.0 = Release|Any CPU
		{941378DD-52CC-48CD-8CB5-CE9039721DF8}.Release|x86.ActiveCfg = Release|Any CPU
		{941378DD-52CC-48CD-8CB5-CE9039721DF8}.Release|x86.Build.0 = Release|Any CPU
		{17E329C7-CAC6-4D6A-8D83-A4C68476DD04}.Debug|Any CPU.ActiveCfg = Debug|Any CPU
		{17E329C7-CAC6-4D6A-8D83-A4C68476DD04}.Debug|Any CPU.Build.0 = Debug|Any CPU
		{17E329C7-CAC6-4D6A-8D83-A4C68476DD04}.Debug|x64.ActiveCfg = Debug|Any CPU
		{17E329C7-CAC6-4D6A-8D83-A4C68476DD04}.Debug|x64.Build.0 = Debug|Any CPU
		{17E329C7-CAC6-4D6A-8D83-A4C68476DD04}.Debug|x86.ActiveCfg = Debug|Any CPU
		{17E329C7-CAC6-4D6A-8D83-A4C68476DD04}.Debug|x86.Build.0 = Debug|Any CPU
		{17E329C7-CAC6-4D6A-8D83-A4C68476DD04}.Release|Any CPU.ActiveCfg = Release|Any CPU
		{17E329C7-CAC6-4D6A-8D83-A4C68476DD04}.Release|Any CPU.Build.0 = Release|Any CPU
		{17E329C7-CAC6-4D6A-8D83-A4C68476DD04}.Release|x64.ActiveCfg = Release|Any CPU
		{17E329C7-CAC6-4D6A-8D83-A4C68476DD04}.Release|x64.Build.0 = Release|Any CPU
		{17E329C7-CAC6-4D6A-8D83-A4C68476DD04}.Release|x86.ActiveCfg = Release|Any CPU
		{17E329C7-CAC6-4D6A-8D83-A4C68476DD04}.Release|x86.Build.0 = Release|Any CPU
		{A7E55927-04D3-4EDB-B598-6754611DE8C6}.Debug|Any CPU.ActiveCfg = Debug|Any CPU
		{A7E55927-04D3-4EDB-B598-6754611DE8C6}.Debug|Any CPU.Build.0 = Debug|Any CPU
		{A7E55927-04D3-4EDB-B598-6754611DE8C6}.Debug|x64.ActiveCfg = Debug|Any CPU
		{A7E55927-04D3-4EDB-B598-6754611DE8C6}.Debug|x64.Build.0 = Debug|Any CPU
		{A7E55927-04D3-4EDB-B598-6754611DE8C6}.Debug|x86.ActiveCfg = Debug|Any CPU
		{A7E55927-04D3-4EDB-B598-6754611DE8C6}.Debug|x86.Build.0 = Debug|Any CPU
		{A7E55927-04D3-4EDB-B598-6754611DE8C6}.Release|Any CPU.ActiveCfg = Release|Any CPU
		{A7E55927-04D3-4EDB-B598-6754611DE8C6}.Release|Any CPU.Build.0 = Release|Any CPU
		{A7E55927-04D3-4EDB-B598-6754611DE8C6}.Release|x64.ActiveCfg = Release|Any CPU
		{A7E55927-04D3-4EDB-B598-6754611DE8C6}.Release|x64.Build.0 = Release|Any CPU
		{A7E55927-04D3-4EDB-B598-6754611DE8C6}.Release|x86.ActiveCfg = Release|Any CPU
		{A7E55927-04D3-4EDB-B598-6754611DE8C6}.Release|x86.Build.0 = Release|Any CPU
		{F8A84ABC-60CD-4EF4-B55D-CB27996B1F78}.Debug|Any CPU.ActiveCfg = Debug|Any CPU
		{F8A84ABC-60CD-4EF4-B55D-CB27996B1F78}.Debug|Any CPU.Build.0 = Debug|Any CPU
		{F8A84ABC-60CD-4EF4-B55D-CB27996B1F78}.Debug|x64.ActiveCfg = Debug|Any CPU
		{F8A84ABC-60CD-4EF4-B55D-CB27996B1F78}.Debug|x64.Build.0 = Debug|Any CPU
		{F8A84ABC-60CD-4EF4-B55D-CB27996B1F78}.Debug|x86.ActiveCfg = Debug|Any CPU
		{F8A84ABC-60CD-4EF4-B55D-CB27996B1F78}.Debug|x86.Build.0 = Debug|Any CPU
		{F8A84ABC-60CD-4EF4-B55D-CB27996B1F78}.Release|Any CPU.ActiveCfg = Release|Any CPU
		{F8A84ABC-60CD-4EF4-B55D-CB27996B1F78}.Release|Any CPU.Build.0 = Release|Any CPU
		{F8A84ABC-60CD-4EF4-B55D-CB27996B1F78}.Release|x64.ActiveCfg = Release|Any CPU
		{F8A84ABC-60CD-4EF4-B55D-CB27996B1F78}.Release|x64.Build.0 = Release|Any CPU
		{F8A84ABC-60CD-4EF4-B55D-CB27996B1F78}.Release|x86.ActiveCfg = Release|Any CPU
		{F8A84ABC-60CD-4EF4-B55D-CB27996B1F78}.Release|x86.Build.0 = Release|Any CPU
		{25408E8E-979D-4A36-84EC-F778FEE284CF}.Debug|Any CPU.ActiveCfg = Debug|Any CPU
		{25408E8E-979D-4A36-84EC-F778FEE284CF}.Debug|Any CPU.Build.0 = Debug|Any CPU
		{25408E8E-979D-4A36-84EC-F778FEE284CF}.Debug|x64.ActiveCfg = Debug|Any CPU
		{25408E8E-979D-4A36-84EC-F778FEE284CF}.Debug|x64.Build.0 = Debug|Any CPU
		{25408E8E-979D-4A36-84EC-F778FEE284CF}.Debug|x86.ActiveCfg = Debug|Any CPU
		{25408E8E-979D-4A36-84EC-F778FEE284CF}.Debug|x86.Build.0 = Debug|Any CPU
		{25408E8E-979D-4A36-84EC-F778FEE284CF}.Release|Any CPU.ActiveCfg = Release|Any CPU
		{25408E8E-979D-4A36-84EC-F778FEE284CF}.Release|Any CPU.Build.0 = Release|Any CPU
		{25408E8E-979D-4A36-84EC-F778FEE284CF}.Release|x64.ActiveCfg = Release|Any CPU
		{25408E8E-979D-4A36-84EC-F778FEE284CF}.Release|x64.Build.0 = Release|Any CPU
		{25408E8E-979D-4A36-84EC-F778FEE284CF}.Release|x86.ActiveCfg = Release|Any CPU
		{25408E8E-979D-4A36-84EC-F778FEE284CF}.Release|x86.Build.0 = Release|Any CPU
		{6850B566-5210-4234-B9F6-6F543B73ED05}.Debug|Any CPU.ActiveCfg = Debug|Any CPU
		{6850B566-5210-4234-B9F6-6F543B73ED05}.Debug|Any CPU.Build.0 = Debug|Any CPU
		{6850B566-5210-4234-B9F6-6F543B73ED05}.Debug|x64.ActiveCfg = Debug|Any CPU
		{6850B566-5210-4234-B9F6-6F543B73ED05}.Debug|x64.Build.0 = Debug|Any CPU
		{6850B566-5210-4234-B9F6-6F543B73ED05}.Debug|x86.ActiveCfg = Debug|Any CPU
		{6850B566-5210-4234-B9F6-6F543B73ED05}.Debug|x86.Build.0 = Debug|Any CPU
		{6850B566-5210-4234-B9F6-6F543B73ED05}.Release|Any CPU.ActiveCfg = Release|Any CPU
		{6850B566-5210-4234-B9F6-6F543B73ED05}.Release|Any CPU.Build.0 = Release|Any CPU
		{6850B566-5210-4234-B9F6-6F543B73ED05}.Release|x64.ActiveCfg = Release|Any CPU
		{6850B566-5210-4234-B9F6-6F543B73ED05}.Release|x64.Build.0 = Release|Any CPU
		{6850B566-5210-4234-B9F6-6F543B73ED05}.Release|x86.ActiveCfg = Release|Any CPU
		{6850B566-5210-4234-B9F6-6F543B73ED05}.Release|x86.Build.0 = Release|Any CPU
		{99180374-30F2-43A2-B040-3EAA36B59227}.Debug|Any CPU.ActiveCfg = Debug|Any CPU
		{99180374-30F2-43A2-B040-3EAA36B59227}.Debug|Any CPU.Build.0 = Debug|Any CPU
		{99180374-30F2-43A2-B040-3EAA36B59227}.Debug|x64.ActiveCfg = Debug|Any CPU
		{99180374-30F2-43A2-B040-3EAA36B59227}.Debug|x64.Build.0 = Debug|Any CPU
		{99180374-30F2-43A2-B040-3EAA36B59227}.Debug|x86.ActiveCfg = Debug|Any CPU
		{99180374-30F2-43A2-B040-3EAA36B59227}.Debug|x86.Build.0 = Debug|Any CPU
		{99180374-30F2-43A2-B040-3EAA36B59227}.Release|Any CPU.ActiveCfg = Release|Any CPU
		{99180374-30F2-43A2-B040-3EAA36B59227}.Release|Any CPU.Build.0 = Release|Any CPU
		{99180374-30F2-43A2-B040-3EAA36B59227}.Release|x64.ActiveCfg = Release|Any CPU
		{99180374-30F2-43A2-B040-3EAA36B59227}.Release|x64.Build.0 = Release|Any CPU
		{99180374-30F2-43A2-B040-3EAA36B59227}.Release|x86.ActiveCfg = Release|Any CPU
		{99180374-30F2-43A2-B040-3EAA36B59227}.Release|x86.Build.0 = Release|Any CPU
		{5DC8FA9E-4CB9-4F80-8AA9-7F4ABF8375B3}.Debug|Any CPU.ActiveCfg = Debug|Any CPU
		{5DC8FA9E-4CB9-4F80-8AA9-7F4ABF8375B3}.Debug|Any CPU.Build.0 = Debug|Any CPU
		{5DC8FA9E-4CB9-4F80-8AA9-7F4ABF8375B3}.Debug|x64.ActiveCfg = Debug|Any CPU
		{5DC8FA9E-4CB9-4F80-8AA9-7F4ABF8375B3}.Debug|x64.Build.0 = Debug|Any CPU
		{5DC8FA9E-4CB9-4F80-8AA9-7F4ABF8375B3}.Debug|x86.ActiveCfg = Debug|Any CPU
		{5DC8FA9E-4CB9-4F80-8AA9-7F4ABF8375B3}.Debug|x86.Build.0 = Debug|Any CPU
		{5DC8FA9E-4CB9-4F80-8AA9-7F4ABF8375B3}.Release|Any CPU.ActiveCfg = Release|Any CPU
		{5DC8FA9E-4CB9-4F80-8AA9-7F4ABF8375B3}.Release|Any CPU.Build.0 = Release|Any CPU
		{5DC8FA9E-4CB9-4F80-8AA9-7F4ABF8375B3}.Release|x64.ActiveCfg = Release|Any CPU
		{5DC8FA9E-4CB9-4F80-8AA9-7F4ABF8375B3}.Release|x64.Build.0 = Release|Any CPU
		{5DC8FA9E-4CB9-4F80-8AA9-7F4ABF8375B3}.Release|x86.ActiveCfg = Release|Any CPU
		{5DC8FA9E-4CB9-4F80-8AA9-7F4ABF8375B3}.Release|x86.Build.0 = Release|Any CPU
		{BC05CC41-9F65-4D0C-A1CD-C6BAED37B0AB}.Debug|Any CPU.ActiveCfg = Debug|Any CPU
		{BC05CC41-9F65-4D0C-A1CD-C6BAED37B0AB}.Debug|Any CPU.Build.0 = Debug|Any CPU
		{BC05CC41-9F65-4D0C-A1CD-C6BAED37B0AB}.Debug|x64.ActiveCfg = Debug|Any CPU
		{BC05CC41-9F65-4D0C-A1CD-C6BAED37B0AB}.Debug|x64.Build.0 = Debug|Any CPU
		{BC05CC41-9F65-4D0C-A1CD-C6BAED37B0AB}.Debug|x86.ActiveCfg = Debug|Any CPU
		{BC05CC41-9F65-4D0C-A1CD-C6BAED37B0AB}.Debug|x86.Build.0 = Debug|Any CPU
		{BC05CC41-9F65-4D0C-A1CD-C6BAED37B0AB}.Release|Any CPU.ActiveCfg = Release|Any CPU
		{BC05CC41-9F65-4D0C-A1CD-C6BAED37B0AB}.Release|Any CPU.Build.0 = Release|Any CPU
		{BC05CC41-9F65-4D0C-A1CD-C6BAED37B0AB}.Release|x64.ActiveCfg = Release|Any CPU
		{BC05CC41-9F65-4D0C-A1CD-C6BAED37B0AB}.Release|x64.Build.0 = Release|Any CPU
		{BC05CC41-9F65-4D0C-A1CD-C6BAED37B0AB}.Release|x86.ActiveCfg = Release|Any CPU
		{BC05CC41-9F65-4D0C-A1CD-C6BAED37B0AB}.Release|x86.Build.0 = Release|Any CPU
	EndGlobalSection
	GlobalSection(SolutionProperties) = preSolution
		HideSolutionNode = FALSE
	EndGlobalSection
	GlobalSection(NestedProjects) = preSolution
		{941378DD-52CC-48CD-8CB5-CE9039721DF8} = {CB18CD55-85E2-46FC-A55B-7DE23EABFAE5}
		{17E329C7-CAC6-4D6A-8D83-A4C68476DD04} = {6C110226-F12E-423E-A358-D680889C6CD7}
		{A7E55927-04D3-4EDB-B598-6754611DE8C6} = {6C110226-F12E-423E-A358-D680889C6CD7}
		{F8A84ABC-60CD-4EF4-B55D-CB27996B1F78} = {CB18CD55-85E2-46FC-A55B-7DE23EABFAE5}
		{25408E8E-979D-4A36-84EC-F778FEE284CF} = {CB18CD55-85E2-46FC-A55B-7DE23EABFAE5}
		{6850B566-5210-4234-B9F6-6F543B73ED05} = {CB18CD55-85E2-46FC-A55B-7DE23EABFAE5}
		{99180374-30F2-43A2-B040-3EAA36B59227} = {CB18CD55-85E2-46FC-A55B-7DE23EABFAE5}
		{5DC8FA9E-4CB9-4F80-8AA9-7F4ABF8375B3} = {CB18CD55-85E2-46FC-A55B-7DE23EABFAE5}
		{BC05CC41-9F65-4D0C-A1CD-C6BAED37B0AB} = {CB18CD55-85E2-46FC-A55B-7DE23EABFAE5}
	EndGlobalSection
	GlobalSection(ExtensibilityGlobals) = postSolution
		SolutionGuid = {74BCCC52-6867-4227-B7B5-8C001DD411A5}
	EndGlobalSection
EndGlobal
