
Microsoft Visual Studio Solution File, Format Version 12.00
# Visual Studio 14
VisualStudioVersion = 14.0.25420.1
MinimumVisualStudioVersion = 10.0.40219.1
Project("{2150E333-8FDC-42A3-9474-1A3956D46DE8}") = "src", "src", "{CB18CD55-85E2-46FC-A55B-7DE23EABFAE5}"
EndProject
Project("{2150E333-8FDC-42A3-9474-1A3956D46DE8}") = "test", "test", "{6C110226-F12E-423E-A358-D680889C6CD7}"
EndProject
Project("{2150E333-8FDC-42A3-9474-1A3956D46DE8}") = "samples", "samples", "{35C5514B-9E50-4AC6-BC6E-45BEAE7B7B4D}"
EndProject
Project("{8BB2217D-0F2D-49D1-97BC-3654ED321F3B}") = "ServiceRegistration", "samples\ServiceRegistration\ServiceRegistration.xproj", "{763C29CE-F23C-496B-8DC4-D60E5399CFD4}"
EndProject
Project("{8BB2217D-0F2D-49D1-97BC-3654ED321F3B}") = "CondenserDotNet.Client", "src\CondenserDotNet.Client\CondenserDotNet.Client.xproj", "{941378DD-52CC-48CD-8CB5-CE9039721DF8}"
EndProject
Project("{8BB2217D-0F2D-49D1-97BC-3654ED321F3B}") = "CondenserTests", "test\CondenserTests\CondenserTests.xproj", "{17E329C7-CAC6-4D6A-8D83-A4C68476DD04}"
EndProject
Project("{2150E333-8FDC-42A3-9474-1A3956D46DE8}") = "Solution Items", "Solution Items", "{32AEF73B-E6B6-48DF-BF84-16FFB8A9DF04}"
	ProjectSection(SolutionItems) = preProject
		.travis.yml = .travis.yml
		appveyor.yml = appveyor.yml
		global.json = global.json
		NuGet.Config = NuGet.Config
		README.md = README.md
	EndProjectSection
EndProject
Project("{8BB2217D-0F2D-49D1-97BC-3654ED321F3B}") = "Condenser.Tests.Integration", "test\Condenser.Tests.Integration\Condenser.Tests.Integration.xproj", "{A7E55927-04D3-4EDB-B598-6754611DE8C6}"
EndProject
Project("{8BB2217D-0F2D-49D1-97BC-3654ED321F3B}") = "CondenserDotNet.Server", "src\CondenserDotNet.Server\CondenserDotNet.Server.xproj", "{F8A84ABC-60CD-4EF4-B55D-CB27996B1F78}"
EndProject
Project("{8BB2217D-0F2D-49D1-97BC-3654ED321F3B}") = "Configuration", "samples\Configuration\Configuration.xproj", "{C4224D81-0A55-4693-8184-4D00C8BB5E3B}"
EndProject
Project("{8BB2217D-0F2D-49D1-97BC-3654ED321F3B}") = "Routing", "samples\Routing\Routing.xproj", "{BD511C62-B3F6-4652-9C46-A59BE8F3EF99}"
EndProject
Project("{8BB2217D-0F2D-49D1-97BC-3654ED321F3B}") = "CondenserDotNet.Core", "src\CondenserDotNet.Core\CondenserDotNet.Core.xproj", "{25408E8E-979D-4A36-84EC-F778FEE284CF}"
EndProject
Project("{8BB2217D-0F2D-49D1-97BC-3654ED321F3B}") = "CondenserDotNet.Server.WindowsAuthentication", "src\CondenserDotNet.Server.WindowsAuthentication\CondenserDotNet.Server.WindowsAuthentication.xproj", "{626B872C-8A5A-40CB-8F12-2BA8CC9337B5}"
EndProject
Project("{8BB2217D-0F2D-49D1-97BC-3654ED321F3B}") = "RoutingWithWindowsAuth", "samples\RoutingWithWindowsAuth\RoutingWithWindowsAuth.xproj", "{E6E9E36F-1A81-4C1D-8313-ABD21BC4A980}"
EndProject
Global
	GlobalSection(SolutionConfigurationPlatforms) = preSolution
		Debug|Any CPU = Debug|Any CPU
		Release|Any CPU = Release|Any CPU
	EndGlobalSection
	GlobalSection(ProjectConfigurationPlatforms) = postSolution
		{763C29CE-F23C-496B-8DC4-D60E5399CFD4}.Debug|Any CPU.ActiveCfg = Debug|Any CPU
		{763C29CE-F23C-496B-8DC4-D60E5399CFD4}.Debug|Any CPU.Build.0 = Debug|Any CPU
		{763C29CE-F23C-496B-8DC4-D60E5399CFD4}.Release|Any CPU.ActiveCfg = Release|Any CPU
		{763C29CE-F23C-496B-8DC4-D60E5399CFD4}.Release|Any CPU.Build.0 = Release|Any CPU
		{941378DD-52CC-48CD-8CB5-CE9039721DF8}.Debug|Any CPU.ActiveCfg = Debug|Any CPU
		{941378DD-52CC-48CD-8CB5-CE9039721DF8}.Debug|Any CPU.Build.0 = Debug|Any CPU
		{941378DD-52CC-48CD-8CB5-CE9039721DF8}.Release|Any CPU.ActiveCfg = Release|Any CPU
		{941378DD-52CC-48CD-8CB5-CE9039721DF8}.Release|Any CPU.Build.0 = Release|Any CPU
		{17E329C7-CAC6-4D6A-8D83-A4C68476DD04}.Debug|Any CPU.ActiveCfg = Debug|Any CPU
		{17E329C7-CAC6-4D6A-8D83-A4C68476DD04}.Debug|Any CPU.Build.0 = Debug|Any CPU
		{17E329C7-CAC6-4D6A-8D83-A4C68476DD04}.Release|Any CPU.ActiveCfg = Release|Any CPU
		{17E329C7-CAC6-4D6A-8D83-A4C68476DD04}.Release|Any CPU.Build.0 = Release|Any CPU
		{A7E55927-04D3-4EDB-B598-6754611DE8C6}.Debug|Any CPU.ActiveCfg = Debug|Any CPU
		{A7E55927-04D3-4EDB-B598-6754611DE8C6}.Debug|Any CPU.Build.0 = Debug|Any CPU
		{A7E55927-04D3-4EDB-B598-6754611DE8C6}.Release|Any CPU.ActiveCfg = Release|Any CPU
		{A7E55927-04D3-4EDB-B598-6754611DE8C6}.Release|Any CPU.Build.0 = Release|Any CPU
		{F8A84ABC-60CD-4EF4-B55D-CB27996B1F78}.Debug|Any CPU.ActiveCfg = Debug|Any CPU
		{F8A84ABC-60CD-4EF4-B55D-CB27996B1F78}.Debug|Any CPU.Build.0 = Debug|Any CPU
		{F8A84ABC-60CD-4EF4-B55D-CB27996B1F78}.Release|Any CPU.ActiveCfg = Release|Any CPU
		{F8A84ABC-60CD-4EF4-B55D-CB27996B1F78}.Release|Any CPU.Build.0 = Release|Any CPU
		{C4224D81-0A55-4693-8184-4D00C8BB5E3B}.Debug|Any CPU.ActiveCfg = Debug|Any CPU
		{C4224D81-0A55-4693-8184-4D00C8BB5E3B}.Debug|Any CPU.Build.0 = Debug|Any CPU
		{C4224D81-0A55-4693-8184-4D00C8BB5E3B}.Release|Any CPU.ActiveCfg = Release|Any CPU
		{C4224D81-0A55-4693-8184-4D00C8BB5E3B}.Release|Any CPU.Build.0 = Release|Any CPU
		{BD511C62-B3F6-4652-9C46-A59BE8F3EF99}.Debug|Any CPU.ActiveCfg = Debug|Any CPU
		{BD511C62-B3F6-4652-9C46-A59BE8F3EF99}.Debug|Any CPU.Build.0 = Debug|Any CPU
		{BD511C62-B3F6-4652-9C46-A59BE8F3EF99}.Release|Any CPU.ActiveCfg = Release|Any CPU
		{BD511C62-B3F6-4652-9C46-A59BE8F3EF99}.Release|Any CPU.Build.0 = Release|Any CPU
		{25408E8E-979D-4A36-84EC-F778FEE284CF}.Debug|Any CPU.ActiveCfg = Debug|Any CPU
		{25408E8E-979D-4A36-84EC-F778FEE284CF}.Debug|Any CPU.Build.0 = Debug|Any CPU
		{25408E8E-979D-4A36-84EC-F778FEE284CF}.Release|Any CPU.ActiveCfg = Release|Any CPU
		{25408E8E-979D-4A36-84EC-F778FEE284CF}.Release|Any CPU.Build.0 = Release|Any CPU
		{626B872C-8A5A-40CB-8F12-2BA8CC9337B5}.Debug|Any CPU.ActiveCfg = Debug|Any CPU
		{626B872C-8A5A-40CB-8F12-2BA8CC9337B5}.Debug|Any CPU.Build.0 = Debug|Any CPU
		{626B872C-8A5A-40CB-8F12-2BA8CC9337B5}.Release|Any CPU.ActiveCfg = Release|Any CPU
		{626B872C-8A5A-40CB-8F12-2BA8CC9337B5}.Release|Any CPU.Build.0 = Release|Any CPU
		{E6E9E36F-1A81-4C1D-8313-ABD21BC4A980}.Debug|Any CPU.ActiveCfg = Debug|Any CPU
		{E6E9E36F-1A81-4C1D-8313-ABD21BC4A980}.Debug|Any CPU.Build.0 = Debug|Any CPU
		{E6E9E36F-1A81-4C1D-8313-ABD21BC4A980}.Release|Any CPU.ActiveCfg = Release|Any CPU
		{E6E9E36F-1A81-4C1D-8313-ABD21BC4A980}.Release|Any CPU.Build.0 = Release|Any CPU
	EndGlobalSection
	GlobalSection(SolutionProperties) = preSolution
		HideSolutionNode = FALSE
	EndGlobalSection
	GlobalSection(NestedProjects) = preSolution
		{763C29CE-F23C-496B-8DC4-D60E5399CFD4} = {35C5514B-9E50-4AC6-BC6E-45BEAE7B7B4D}
		{941378DD-52CC-48CD-8CB5-CE9039721DF8} = {CB18CD55-85E2-46FC-A55B-7DE23EABFAE5}
		{17E329C7-CAC6-4D6A-8D83-A4C68476DD04} = {6C110226-F12E-423E-A358-D680889C6CD7}
		{A7E55927-04D3-4EDB-B598-6754611DE8C6} = {6C110226-F12E-423E-A358-D680889C6CD7}
		{F8A84ABC-60CD-4EF4-B55D-CB27996B1F78} = {CB18CD55-85E2-46FC-A55B-7DE23EABFAE5}
		{C4224D81-0A55-4693-8184-4D00C8BB5E3B} = {35C5514B-9E50-4AC6-BC6E-45BEAE7B7B4D}
		{BD511C62-B3F6-4652-9C46-A59BE8F3EF99} = {35C5514B-9E50-4AC6-BC6E-45BEAE7B7B4D}
		{25408E8E-979D-4A36-84EC-F778FEE284CF} = {CB18CD55-85E2-46FC-A55B-7DE23EABFAE5}
		{626B872C-8A5A-40CB-8F12-2BA8CC9337B5} = {CB18CD55-85E2-46FC-A55B-7DE23EABFAE5}
		{E6E9E36F-1A81-4C1D-8313-ABD21BC4A980} = {35C5514B-9E50-4AC6-BC6E-45BEAE7B7B4D}
	EndGlobalSection
EndGlobal
